{
  "name": "@pioneerjs/scripts",
  "version": "0.0.0",
  "lockfileVersion": 1,
  "requires": true,
  "dependencies": {
    "@pioneerjs/common": {
      "version": "0.0.0",
      "requires": {
        "@pioneerjs/core": "^0.0.0"
      },
      "dependencies": {
        "@pioneerjs/core": {
          "version": "0.0.0",
          "requires": {
            "@pioneerjs/common": "^0.0.0"
          },
          "dependencies": {
            "@pioneerjs/common": {
              "version": "0.0.0",
              "requires": {
                "@pioneerjs/core": "^0.0.0"
              },
              "dependencies": {
                "@pioneerjs/core": {
                  "version": "0.0.0",
                  "requires": {
                    "@pioneerjs/common": "^0.0.0"
                  },
                  "dependencies": {}
                }
              }
            }
          }
        }
      }
    }
  }
}
