{
  "name": "2-inject",
  "version": "1.0.0",
  "lockfileVersion": 1,
  "requires": true,
  "dependencies": {
    "@pioneerjs/common": {
      "version": "0.0.9",
      "resolved": "https://registry.npmjs.org/@pioneerjs/common/-/common-0.0.9.tgz",
      "integrity": "sha512-hFWLMna87ALomKuqHe3bL4d3IxbGmvrwvMEcRXUG9o2TT+I2IUoshddko0w5mnYbQl1SWPcvc8zy7Rt7wlGuqQ==",
      "requires": {
        "reflect-metadata": "^0.1.13"
      }
    },
    "@pioneerjs/core": {
      "version": "0.0.15",
      "resolved": "https://registry.npmjs.org/@pioneerjs/core/-/core-0.0.15.tgz",
      "integrity": "sha512-Z7UQsf1oYkJM+c5NyWLr5ZS6zPIhUi26Z0lsBuz7TyRDSCbSfHYWhliFgvVCQRUN3yq1uqh9XDkKV6f9Yi5klg==",
      "requires": {
        "@pioneerjs/common": "^0.0.9",
        "reflect-metadata": "^0.1.13"
      }
    },
    "reflect-metadata": {
      "version": "0.1.13",
      "resolved": "https://registry.npmjs.org/reflect-metadata/-/reflect-metadata-0.1.13.tgz",
      "integrity": "sha512-Ts1Y/anZELhSsjMcU605fU9RE4Oi3p5ORujwbIKXfWa+0Zxs510Qrmrce5/Jowq3cHSZSJqBjypxmHarc+vEWg=="
    }
  }
}
